
Microsoft Visual Studio Solution File, Format Version 12.00
# Visual Studio 15
VisualStudioVersion = 15.0.26621.2
MinimumVisualStudioVersion = 10.0.40219.1
Project("{FAE04EC0-301F-11D3-BF4B-00C04F79EFBC}") = "MyCodeCamp", "MyCodeCamp\MyCodeCamp.csproj", "{59CCB3CA-86BE-4C16-8C30-15BC0D3B5A6C}"
EndProject
Global
	GlobalSection(SolutionConfigurationPlatforms) = preSolution
		Debug|Any CPU = Debug|Any CPU
		Release|Any CPU = Release|Any CPU
	EndGlobalSection
	GlobalSection(ProjectConfigurationPlatforms) = postSolution
		{59CCB3CA-86BE-4C16-8C30-15BC0D3B5A6C}.Debug|Any CPU.ActiveCfg = Debug|Any CPU
		{59CCB3CA-86BE-4C16-8C30-15BC0D3B5A6C}.Debug|Any CPU.Build.0 = Debug|Any CPU
		{59CCB3CA-86BE-4C16-8C30-15BC0D3B5A6C}.Release|Any CPU.ActiveCfg = Release|Any CPU
		{59CCB3CA-86BE-4C16-8C30-15BC0D3B5A6C}.Release|Any CPU.Build.0 = Release|Any CPU
	EndGlobalSection
	GlobalSection(SolutionProperties) = preSolution
		HideSolutionNode = FALSE
	EndGlobalSection
	GlobalSection(ExtensibilityGlobals) = postSolution
		SolutionGuid = {AA3A20AA-9825-485A-815A-8658E17BFF6E}
	EndGlobalSection
EndGlobal
